
Microsoft Visual Studio Solution File, Format Version 12.00
# Visual Studio 15
VisualStudioVersion = 15.0.28010.2046
MinimumVisualStudioVersion = 10.0.40219.1
Project("{FAE04EC0-301F-11D3-BF4B-00C04F79EFBC}") = "App1ConsultaCep.Android", "App1ConsultaCep\App1ConsultaCep.Android\App1ConsultaCep.Android.csproj", "{6CBB82E8-722F-4AB1-A0D7-675978E6C0A7}"
EndProject
Project("{FAE04EC0-301F-11D3-BF4B-00C04F79EFBC}") = "App1ConsultaCep.iOS", "App1ConsultaCep\App1ConsultaCep.iOS\App1ConsultaCep.iOS.csproj", "{377DAC6B-E5A9-46C9-A4B5-67E798320843}"
EndProject
Project("{FAE04EC0-301F-11D3-BF4B-00C04F79EFBC}") = "App1ConsultaCep.UWP", "App1ConsultaCep\App1ConsultaCep.UWP\App1ConsultaCep.UWP.csproj", "{317BCC8D-C78A-443D-9C15-BD43DBDF5AC4}"
EndProject
Project("{FAE04EC0-301F-11D3-BF4B-00C04F79EFBC}") = "App1ConsultaCep", "App1ConsultaCep\App1ConsultaCep\App1ConsultaCep.csproj", "{6D11F06B-D865-49F3-ACF1-B0E9DF3CF944}"
EndProject
Global
	GlobalSection(SolutionConfigurationPlatforms) = preSolution
		Ad-Hoc|Any CPU = Ad-Hoc|Any CPU
		Ad-Hoc|ARM = Ad-Hoc|ARM
		Ad-Hoc|iPhone = Ad-Hoc|iPhone
		Ad-Hoc|iPhoneSimulator = Ad-Hoc|iPhoneSimulator
		Ad-Hoc|x64 = Ad-Hoc|x64
		Ad-Hoc|x86 = Ad-Hoc|x86
		AppStore|Any CPU = AppStore|Any CPU
		AppStore|ARM = AppStore|ARM
		AppStore|iPhone = AppStore|iPhone
		AppStore|iPhoneSimulator = AppStore|iPhoneSimulator
		AppStore|x64 = AppStore|x64
		AppStore|x86 = AppStore|x86
		Debug|Any CPU = Debug|Any CPU
		Debug|ARM = Debug|ARM
		Debug|iPhone = Debug|iPhone
		Debug|iPhoneSimulator = Debug|iPhoneSimulator
		Debug|x64 = Debug|x64
		Debug|x86 = Debug|x86
		Release|Any CPU = Release|Any CPU
		Release|ARM = Release|ARM
		Release|iPhone = Release|iPhone
		Release|iPhoneSimulator = Release|iPhoneSimulator
		Release|x64 = Release|x64
		Release|x86 = Release|x86
	EndGlobalSection
	GlobalSection(ProjectConfigurationPlatforms) = postSolution
		{6CBB82E8-722F-4AB1-A0D7-675978E6C0A7}.Ad-Hoc|Any CPU.ActiveCfg = Release|Any CPU
		{6CBB82E8-722F-4AB1-A0D7-675978E6C0A7}.Ad-Hoc|Any CPU.Build.0 = Release|Any CPU
		{6CBB82E8-722F-4AB1-A0D7-675978E6C0A7}.Ad-Hoc|Any CPU.Deploy.0 = Release|Any CPU
		{6CBB82E8-722F-4AB1-A0D7-675978E6C0A7}.Ad-Hoc|ARM.ActiveCfg = Release|Any CPU
		{6CBB82E8-722F-4AB1-A0D7-675978E6C0A7}.Ad-Hoc|ARM.Build.0 = Release|Any CPU
		{6CBB82E8-722F-4AB1-A0D7-675978E6C0A7}.Ad-Hoc|ARM.Deploy.0 = Release|Any CPU
		{6CBB82E8-722F-4AB1-A0D7-675978E6C0A7}.Ad-Hoc|iPhone.ActiveCfg = Release|Any CPU
		{6CBB82E8-722F-4AB1-A0D7-675978E6C0A7}.Ad-Hoc|iPhone.Build.0 = Release|Any CPU
		{6CBB82E8-722F-4AB1-A0D7-675978E6C0A7}.Ad-Hoc|iPhone.Deploy.0 = Release|Any CPU
		{6CBB82E8-722F-4AB1-A0D7-675978E6C0A7}.Ad-Hoc|iPhoneSimulator.ActiveCfg = Release|Any CPU
		{6CBB82E8-722F-4AB1-A0D7-675978E6C0A7}.Ad-Hoc|iPhoneSimulator.Build.0 = Release|Any CPU
		{6CBB82E8-722F-4AB1-A0D7-675978E6C0A7}.Ad-Hoc|iPhoneSimulator.Deploy.0 = Release|Any CPU
		{6CBB82E8-722F-4AB1-A0D7-675978E6C0A7}.Ad-Hoc|x64.ActiveCfg = Release|Any CPU
		{6CBB82E8-722F-4AB1-A0D7-675978E6C0A7}.Ad-Hoc|x64.Build.0 = Release|Any CPU
		{6CBB82E8-722F-4AB1-A0D7-675978E6C0A7}.Ad-Hoc|x64.Deploy.0 = Release|Any CPU
		{6CBB82E8-722F-4AB1-A0D7-675978E6C0A7}.Ad-Hoc|x86.ActiveCfg = Release|Any CPU
		{6CBB82E8-722F-4AB1-A0D7-675978E6C0A7}.Ad-Hoc|x86.Build.0 = Release|Any CPU
		{6CBB82E8-722F-4AB1-A0D7-675978E6C0A7}.Ad-Hoc|x86.Deploy.0 = Release|Any CPU
		{6CBB82E8-722F-4AB1-A0D7-675978E6C0A7}.AppStore|Any CPU.ActiveCfg = Release|Any CPU
		{6CBB82E8-722F-4AB1-A0D7-675978E6C0A7}.AppStore|Any CPU.Build.0 = Release|Any CPU
		{6CBB82E8-722F-4AB1-A0D7-675978E6C0A7}.AppStore|Any CPU.Deploy.0 = Release|Any CPU
		{6CBB82E8-722F-4AB1-A0D7-675978E6C0A7}.AppStore|ARM.ActiveCfg = Release|Any CPU
		{6CBB82E8-722F-4AB1-A0D7-675978E6C0A7}.AppStore|ARM.Build.0 = Release|Any CPU
		{6CBB82E8-722F-4AB1-A0D7-675978E6C0A7}.AppStore|ARM.Deploy.0 = Release|Any CPU
		{6CBB82E8-722F-4AB1-A0D7-675978E6C0A7}.AppStore|iPhone.ActiveCfg = Release|Any CPU
		{6CBB82E8-722F-4AB1-A0D7-675978E6C0A7}.AppStore|iPhone.Build.0 = Release|Any CPU
		{6CBB82E8-722F-4AB1-A0D7-675978E6C0A7}.AppStore|iPhone.Deploy.0 = Release|Any CPU
		{6CBB82E8-722F-4AB1-A0D7-675978E6C0A7}.AppStore|iPhoneSimulator.ActiveCfg = Release|Any CPU
		{6CBB82E8-722F-4AB1-A0D7-675978E6C0A7}.AppStore|iPhoneSimulator.Build.0 = Release|Any CPU
		{6CBB82E8-722F-4AB1-A0D7-675978E6C0A7}.AppStore|iPhoneSimulator.Deploy.0 = Release|Any CPU
		{6CBB82E8-722F-4AB1-A0D7-675978E6C0A7}.AppStore|x64.ActiveCfg = Release|Any CPU
		{6CBB82E8-722F-4AB1-A0D7-675978E6C0A7}.AppStore|x64.Build.0 = Release|Any CPU
		{6CBB82E8-722F-4AB1-A0D7-675978E6C0A7}.AppStore|x64.Deploy.0 = Release|Any CPU
		{6CBB82E8-722F-4AB1-A0D7-675978E6C0A7}.AppStore|x86.ActiveCfg = Release|Any CPU
		{6CBB82E8-722F-4AB1-A0D7-675978E6C0A7}.AppStore|x86.Build.0 = Release|Any CPU
		{6CBB82E8-722F-4AB1-A0D7-675978E6C0A7}.AppStore|x86.Deploy.0 = Release|Any CPU
		{6CBB82E8-722F-4AB1-A0D7-675978E6C0A7}.Debug|Any CPU.ActiveCfg = Debug|Any CPU
		{6CBB82E8-722F-4AB1-A0D7-675978E6C0A7}.Debug|Any CPU.Build.0 = Debug|Any CPU
		{6CBB82E8-722F-4AB1-A0D7-675978E6C0A7}.Debug|Any CPU.Deploy.0 = Debug|Any CPU
		{6CBB82E8-722F-4AB1-A0D7-675978E6C0A7}.Debug|ARM.ActiveCfg = Debug|Any CPU
		{6CBB82E8-722F-4AB1-A0D7-675978E6C0A7}.Debug|ARM.Build.0 = Debug|Any CPU
		{6CBB82E8-722F-4AB1-A0D7-675978E6C0A7}.Debug|ARM.Deploy.0 = Debug|Any CPU
		{6CBB82E8-722F-4AB1-A0D7-675978E6C0A7}.Debug|iPhone.ActiveCfg = Debug|Any CPU
		{6CBB82E8-722F-4AB1-A0D7-675978E6C0A7}.Debug|iPhone.Build.0 = Debug|Any CPU
		{6CBB82E8-722F-4AB1-A0D7-675978E6C0A7}.Debug|iPhone.Deploy.0 = Debug|Any CPU
		{6CBB82E8-722F-4AB1-A0D7-675978E6C0A7}.Debug|iPhoneSimulator.ActiveCfg = Debug|Any CPU
		{6CBB82E8-722F-4AB1-A0D7-675978E6C0A7}.Debug|iPhoneSimulator.Build.0 = Debug|Any CPU
		{6CBB82E8-722F-4AB1-A0D7-675978E6C0A7}.Debug|iPhoneSimulator.Deploy.0 = Debug|Any CPU
		{6CBB82E8-722F-4AB1-A0D7-675978E6C0A7}.Debug|x64.ActiveCfg = Debug|Any CPU
		{6CBB82E8-722F-4AB1-A0D7-675978E6C0A7}.Debug|x64.Build.0 = Debug|Any CPU
		{6CBB82E8-722F-4AB1-A0D7-675978E6C0A7}.Debug|x64.Deploy.0 = Debug|Any CPU
		{6CBB82E8-722F-4AB1-A0D7-675978E6C0A7}.Debug|x86.ActiveCfg = Debug|Any CPU
		{6CBB82E8-722F-4AB1-A0D7-675978E6C0A7}.Debug|x86.Build.0 = Debug|Any CPU
		{6CBB82E8-722F-4AB1-A0D7-675978E6C0A7}.Debug|x86.Deploy.0 = Debug|Any CPU
		{6CBB82E8-722F-4AB1-A0D7-675978E6C0A7}.Release|Any CPU.ActiveCfg = Release|Any CPU
		{6CBB82E8-722F-4AB1-A0D7-675978E6C0A7}.Release|Any CPU.Build.0 = Release|Any CPU
		{6CBB82E8-722F-4AB1-A0D7-675978E6C0A7}.Release|Any CPU.Deploy.0 = Release|Any CPU
		{6CBB82E8-722F-4AB1-A0D7-675978E6C0A7}.Release|ARM.ActiveCfg = Release|Any CPU
		{6CBB82E8-722F-4AB1-A0D7-675978E6C0A7}.Release|ARM.Build.0 = Release|Any CPU
		{6CBB82E8-722F-4AB1-A0D7-675978E6C0A7}.Release|ARM.Deploy.0 = Release|Any CPU
		{6CBB82E8-722F-4AB1-A0D7-675978E6C0A7}.Release|iPhone.ActiveCfg = Release|Any CPU
		{6CBB82E8-722F-4AB1-A0D7-675978E6C0A7}.Release|iPhone.Build.0 = Release|Any CPU
		{6CBB82E8-722F-4AB1-A0D7-675978E6C0A7}.Release|iPhone.Deploy.0 = Release|Any CPU
		{6CBB82E8-722F-4AB1-A0D7-675978E6C0A7}.Release|iPhoneSimulator.ActiveCfg = Release|Any CPU
		{6CBB82E8-722F-4AB1-A0D7-675978E6C0A7}.Release|iPhoneSimulator.Build.0 = Release|Any CPU
		{6CBB82E8-722F-4AB1-A0D7-675978E6C0A7}.Release|iPhoneSimulator.Deploy.0 = Release|Any CPU
		{6CBB82E8-722F-4AB1-A0D7-675978E6C0A7}.Release|x64.ActiveCfg = Release|Any CPU
		{6CBB82E8-722F-4AB1-A0D7-675978E6C0A7}.Release|x64.Build.0 = Release|Any CPU
		{6CBB82E8-722F-4AB1-A0D7-675978E6C0A7}.Release|x64.Deploy.0 = Release|Any CPU
		{6CBB82E8-722F-4AB1-A0D7-675978E6C0A7}.Release|x86.ActiveCfg = Release|Any CPU
		{6CBB82E8-722F-4AB1-A0D7-675978E6C0A7}.Release|x86.Build.0 = Release|Any CPU
		{6CBB82E8-722F-4AB1-A0D7-675978E6C0A7}.Release|x86.Deploy.0 = Release|Any CPU
		{377DAC6B-E5A9-46C9-A4B5-67E798320843}.Ad-Hoc|Any CPU.ActiveCfg = Ad-Hoc|iPhone
		{377DAC6B-E5A9-46C9-A4B5-67E798320843}.Ad-Hoc|Any CPU.Build.0 = Ad-Hoc|iPhone
		{377DAC6B-E5A9-46C9-A4B5-67E798320843}.Ad-Hoc|Any CPU.Deploy.0 = Ad-Hoc|iPhone
		{377DAC6B-E5A9-46C9-A4B5-67E798320843}.Ad-Hoc|ARM.ActiveCfg = Ad-Hoc|iPhone
		{377DAC6B-E5A9-46C9-A4B5-67E798320843}.Ad-Hoc|ARM.Build.0 = Ad-Hoc|iPhone
		{377DAC6B-E5A9-46C9-A4B5-67E798320843}.Ad-Hoc|ARM.Deploy.0 = Ad-Hoc|iPhone
		{377DAC6B-E5A9-46C9-A4B5-67E798320843}.Ad-Hoc|iPhone.ActiveCfg = Ad-Hoc|iPhone
		{377DAC6B-E5A9-46C9-A4B5-67E798320843}.Ad-Hoc|iPhone.Build.0 = Ad-Hoc|iPhone
		{377DAC6B-E5A9-46C9-A4B5-67E798320843}.Ad-Hoc|iPhone.Deploy.0 = Ad-Hoc|iPhone
		{377DAC6B-E5A9-46C9-A4B5-67E798320843}.Ad-Hoc|iPhoneSimulator.ActiveCfg = Ad-Hoc|iPhoneSimulator
		{377DAC6B-E5A9-46C9-A4B5-67E798320843}.Ad-Hoc|iPhoneSimulator.Build.0 = Ad-Hoc|iPhoneSimulator
		{377DAC6B-E5A9-46C9-A4B5-67E798320843}.Ad-Hoc|iPhoneSimulator.Deploy.0 = Ad-Hoc|iPhoneSimulator
		{377DAC6B-E5A9-46C9-A4B5-67E798320843}.Ad-Hoc|x64.ActiveCfg = Ad-Hoc|iPhone
		{377DAC6B-E5A9-46C9-A4B5-67E798320843}.Ad-Hoc|x64.Build.0 = Ad-Hoc|iPhone
		{377DAC6B-E5A9-46C9-A4B5-67E798320843}.Ad-Hoc|x64.Deploy.0 = Ad-Hoc|iPhone
		{377DAC6B-E5A9-46C9-A4B5-67E798320843}.Ad-Hoc|x86.ActiveCfg = Ad-Hoc|iPhone
		{377DAC6B-E5A9-46C9-A4B5-67E798320843}.Ad-Hoc|x86.Build.0 = Ad-Hoc|iPhone
		{377DAC6B-E5A9-46C9-A4B5-67E798320843}.Ad-Hoc|x86.Deploy.0 = Ad-Hoc|iPhone
		{377DAC6B-E5A9-46C9-A4B5-67E798320843}.AppStore|Any CPU.ActiveCfg = AppStore|iPhone
		{377DAC6B-E5A9-46C9-A4B5-67E798320843}.AppStore|Any CPU.Build.0 = AppStore|iPhone
		{377DAC6B-E5A9-46C9-A4B5-67E798320843}.AppStore|Any CPU.Deploy.0 = AppStore|iPhone
		{377DAC6B-E5A9-46C9-A4B5-67E798320843}.AppStore|ARM.ActiveCfg = AppStore|iPhone
		{377DAC6B-E5A9-46C9-A4B5-67E798320843}.AppStore|ARM.Build.0 = AppStore|iPhone
		{377DAC6B-E5A9-46C9-A4B5-67E798320843}.AppStore|ARM.Deploy.0 = AppStore|iPhone
		{377DAC6B-E5A9-46C9-A4B5-67E798320843}.AppStore|iPhone.ActiveCfg = AppStore|iPhone
		{377DAC6B-E5A9-46C9-A4B5-67E798320843}.AppStore|iPhone.Build.0 = AppStore|iPhone
		{377DAC6B-E5A9-46C9-A4B5-67E798320843}.AppStore|iPhone.Deploy.0 = AppStore|iPhone
		{377DAC6B-E5A9-46C9-A4B5-67E798320843}.AppStore|iPhoneSimulator.ActiveCfg = AppStore|iPhoneSimulator
		{377DAC6B-E5A9-46C9-A4B5-67E798320843}.AppStore|iPhoneSimulator.Build.0 = AppStore|iPhoneSimulator
		{377DAC6B-E5A9-46C9-A4B5-67E798320843}.AppStore|iPhoneSimulator.Deploy.0 = AppStore|iPhoneSimulator
		{377DAC6B-E5A9-46C9-A4B5-67E798320843}.AppStore|x64.ActiveCfg = AppStore|iPhone
		{377DAC6B-E5A9-46C9-A4B5-67E798320843}.AppStore|x64.Build.0 = AppStore|iPhone
		{377DAC6B-E5A9-46C9-A4B5-67E798320843}.AppStore|x64.Deploy.0 = AppStore|iPhone
		{377DAC6B-E5A9-46C9-A4B5-67E798320843}.AppStore|x86.ActiveCfg = AppStore|iPhone
		{377DAC6B-E5A9-46C9-A4B5-67E798320843}.AppStore|x86.Build.0 = AppStore|iPhone
		{377DAC6B-E5A9-46C9-A4B5-67E798320843}.AppStore|x86.Deploy.0 = AppStore|iPhone
		{377DAC6B-E5A9-46C9-A4B5-67E798320843}.Debug|Any CPU.ActiveCfg = Debug|iPhoneSimulator
		{377DAC6B-E5A9-46C9-A4B5-67E798320843}.Debug|Any CPU.Build.0 = Debug|iPhoneSimulator
		{377DAC6B-E5A9-46C9-A4B5-67E798320843}.Debug|Any CPU.Deploy.0 = Debug|iPhoneSimulator
		{377DAC6B-E5A9-46C9-A4B5-67E798320843}.Debug|ARM.ActiveCfg = Debug|iPhone
		{377DAC6B-E5A9-46C9-A4B5-67E798320843}.Debug|ARM.Build.0 = Debug|iPhone
		{377DAC6B-E5A9-46C9-A4B5-67E798320843}.Debug|ARM.Deploy.0 = Debug|iPhone
		{377DAC6B-E5A9-46C9-A4B5-67E798320843}.Debug|iPhone.ActiveCfg = Debug|iPhone
		{377DAC6B-E5A9-46C9-A4B5-67E798320843}.Debug|iPhone.Build.0 = Debug|iPhone
		{377DAC6B-E5A9-46C9-A4B5-67E798320843}.Debug|iPhone.Deploy.0 = Debug|iPhone
		{377DAC6B-E5A9-46C9-A4B5-67E798320843}.Debug|iPhoneSimulator.ActiveCfg = Debug|iPhoneSimulator
		{377DAC6B-E5A9-46C9-A4B5-67E798320843}.Debug|iPhoneSimulator.Build.0 = Debug|iPhoneSimulator
		{377DAC6B-E5A9-46C9-A4B5-67E798320843}.Debug|iPhoneSimulator.Deploy.0 = Debug|iPhoneSimulator
		{377DAC6B-E5A9-46C9-A4B5-67E798320843}.Debug|x64.ActiveCfg = Debug|iPhone
		{377DAC6B-E5A9-46C9-A4B5-67E798320843}.Debug|x64.Build.0 = Debug|iPhone
		{377DAC6B-E5A9-46C9-A4B5-67E798320843}.Debug|x64.Deploy.0 = Debug|iPhone
		{377DAC6B-E5A9-46C9-A4B5-67E798320843}.Debug|x86.ActiveCfg = Debug|iPhone
		{377DAC6B-E5A9-46C9-A4B5-67E798320843}.Debug|x86.Build.0 = Debug|iPhone
		{377DAC6B-E5A9-46C9-A4B5-67E798320843}.Debug|x86.Deploy.0 = Debug|iPhone
		{377DAC6B-E5A9-46C9-A4B5-67E798320843}.Release|Any CPU.ActiveCfg = Release|iPhone
		{377DAC6B-E5A9-46C9-A4B5-67E798320843}.Release|Any CPU.Build.0 = Release|iPhone
		{377DAC6B-E5A9-46C9-A4B5-67E798320843}.Release|Any CPU.Deploy.0 = Release|iPhone
		{377DAC6B-E5A9-46C9-A4B5-67E798320843}.Release|ARM.ActiveCfg = Release|iPhone
		{377DAC6B-E5A9-46C9-A4B5-67E798320843}.Release|ARM.Build.0 = Release|iPhone
		{377DAC6B-E5A9-46C9-A4B5-67E798320843}.Release|ARM.Deploy.0 = Release|iPhone
		{377DAC6B-E5A9-46C9-A4B5-67E798320843}.Release|iPhone.ActiveCfg = Release|iPhone
		{377DAC6B-E5A9-46C9-A4B5-67E798320843}.Release|iPhone.Build.0 = Release|iPhone
		{377DAC6B-E5A9-46C9-A4B5-67E798320843}.Release|iPhone.Deploy.0 = Release|iPhone
		{377DAC6B-E5A9-46C9-A4B5-67E798320843}.Release|iPhoneSimulator.ActiveCfg = Release|iPhoneSimulator
		{377DAC6B-E5A9-46C9-A4B5-67E798320843}.Release|iPhoneSimulator.Build.0 = Release|iPhoneSimulator
		{377DAC6B-E5A9-46C9-A4B5-67E798320843}.Release|iPhoneSimulator.Deploy.0 = Release|iPhoneSimulator
		{377DAC6B-E5A9-46C9-A4B5-67E798320843}.Release|x64.ActiveCfg = Release|iPhone
		{377DAC6B-E5A9-46C9-A4B5-67E798320843}.Release|x64.Build.0 = Release|iPhone
		{377DAC6B-E5A9-46C9-A4B5-67E798320843}.Release|x64.Deploy.0 = Release|iPhone
		{377DAC6B-E5A9-46C9-A4B5-67E798320843}.Release|x86.ActiveCfg = Release|iPhone
		{377DAC6B-E5A9-46C9-A4B5-67E798320843}.Release|x86.Build.0 = Release|iPhone
		{377DAC6B-E5A9-46C9-A4B5-67E798320843}.Release|x86.Deploy.0 = Release|iPhone
		{317BCC8D-C78A-443D-9C15-BD43DBDF5AC4}.Ad-Hoc|Any CPU.ActiveCfg = Release|x86
		{317BCC8D-C78A-443D-9C15-BD43DBDF5AC4}.Ad-Hoc|Any CPU.Build.0 = Release|x86
		{317BCC8D-C78A-443D-9C15-BD43DBDF5AC4}.Ad-Hoc|Any CPU.Deploy.0 = Release|x86
		{317BCC8D-C78A-443D-9C15-BD43DBDF5AC4}.Ad-Hoc|ARM.ActiveCfg = Release|ARM
		{317BCC8D-C78A-443D-9C15-BD43DBDF5AC4}.Ad-Hoc|ARM.Build.0 = Release|ARM
		{317BCC8D-C78A-443D-9C15-BD43DBDF5AC4}.Ad-Hoc|ARM.Deploy.0 = Release|ARM
		{317BCC8D-C78A-443D-9C15-BD43DBDF5AC4}.Ad-Hoc|iPhone.ActiveCfg = Release|x86
		{317BCC8D-C78A-443D-9C15-BD43DBDF5AC4}.Ad-Hoc|iPhone.Build.0 = Release|x86
		{317BCC8D-C78A-443D-9C15-BD43DBDF5AC4}.Ad-Hoc|iPhone.Deploy.0 = Release|x86
		{317BCC8D-C78A-443D-9C15-BD43DBDF5AC4}.Ad-Hoc|iPhoneSimulator.ActiveCfg = Release|x86
		{317BCC8D-C78A-443D-9C15-BD43DBDF5AC4}.Ad-Hoc|iPhoneSimulator.Build.0 = Release|x86
		{317BCC8D-C78A-443D-9C15-BD43DBDF5AC4}.Ad-Hoc|iPhoneSimulator.Deploy.0 = Release|x86
		{317BCC8D-C78A-443D-9C15-BD43DBDF5AC4}.Ad-Hoc|x64.ActiveCfg = Release|x64
		{317BCC8D-C78A-443D-9C15-BD43DBDF5AC4}.Ad-Hoc|x64.Build.0 = Release|x64
		{317BCC8D-C78A-443D-9C15-BD43DBDF5AC4}.Ad-Hoc|x64.Deploy.0 = Release|x64
		{317BCC8D-C78A-443D-9C15-BD43DBDF5AC4}.Ad-Hoc|x86.ActiveCfg = Release|x86
		{317BCC8D-C78A-443D-9C15-BD43DBDF5AC4}.Ad-Hoc|x86.Build.0 = Release|x86
		{317BCC8D-C78A-443D-9C15-BD43DBDF5AC4}.Ad-Hoc|x86.Deploy.0 = Release|x86
		{317BCC8D-C78A-443D-9C15-BD43DBDF5AC4}.AppStore|Any CPU.ActiveCfg = Release|x86
		{317BCC8D-C78A-443D-9C15-BD43DBDF5AC4}.AppStore|Any CPU.Build.0 = Release|x86
		{317BCC8D-C78A-443D-9C15-BD43DBDF5AC4}.AppStore|Any CPU.Deploy.0 = Release|x86
		{317BCC8D-C78A-443D-9C15-BD43DBDF5AC4}.AppStore|ARM.ActiveCfg = Release|ARM
		{317BCC8D-C78A-443D-9C15-BD43DBDF5AC4}.AppStore|ARM.Build.0 = Release|ARM
		{317BCC8D-C78A-443D-9C15-BD43DBDF5AC4}.AppStore|ARM.Deploy.0 = Release|ARM
		{317BCC8D-C78A-443D-9C15-BD43DBDF5AC4}.AppStore|iPhone.ActiveCfg = Release|x86
		{317BCC8D-C78A-443D-9C15-BD43DBDF5AC4}.AppStore|iPhone.Build.0 = Release|x86
		{317BCC8D-C78A-443D-9C15-BD43DBDF5AC4}.AppStore|iPhone.Deploy.0 = Release|x86
		{317BCC8D-C78A-443D-9C15-BD43DBDF5AC4}.AppStore|iPhoneSimulator.ActiveCfg = Release|x86
		{317BCC8D-C78A-443D-9C15-BD43DBDF5AC4}.AppStore|iPhoneSimulator.Build.0 = Release|x86
		{317BCC8D-C78A-443D-9C15-BD43DBDF5AC4}.AppStore|iPhoneSimulator.Deploy.0 = Release|x86
		{317BCC8D-C78A-443D-9C15-BD43DBDF5AC4}.AppStore|x64.ActiveCfg = Release|x64
		{317BCC8D-C78A-443D-9C15-BD43DBDF5AC4}.AppStore|x64.Build.0 = Release|x64
		{317BCC8D-C78A-443D-9C15-BD43DBDF5AC4}.AppStore|x64.Deploy.0 = Release|x64
		{317BCC8D-C78A-443D-9C15-BD43DBDF5AC4}.AppStore|x86.ActiveCfg = Release|x86
		{317BCC8D-C78A-443D-9C15-BD43DBDF5AC4}.AppStore|x86.Build.0 = Release|x86
		{317BCC8D-C78A-443D-9C15-BD43DBDF5AC4}.AppStore|x86.Deploy.0 = Release|x86
		{317BCC8D-C78A-443D-9C15-BD43DBDF5AC4}.Debug|Any CPU.ActiveCfg = Debug|x86
		{317BCC8D-C78A-443D-9C15-BD43DBDF5AC4}.Debug|Any CPU.Build.0 = Debug|x86
		{317BCC8D-C78A-443D-9C15-BD43DBDF5AC4}.Debug|Any CPU.Deploy.0 = Debug|x86
		{317BCC8D-C78A-443D-9C15-BD43DBDF5AC4}.Debug|ARM.ActiveCfg = Debug|ARM
		{317BCC8D-C78A-443D-9C15-BD43DBDF5AC4}.Debug|ARM.Build.0 = Debug|ARM
		{317BCC8D-C78A-443D-9C15-BD43DBDF5AC4}.Debug|ARM.Deploy.0 = Debug|ARM
		{317BCC8D-C78A-443D-9C15-BD43DBDF5AC4}.Debug|iPhone.ActiveCfg = Debug|x86
		{317BCC8D-C78A-443D-9C15-BD43DBDF5AC4}.Debug|iPhone.Build.0 = Debug|x86
		{317BCC8D-C78A-443D-9C15-BD43DBDF5AC4}.Debug|iPhone.Deploy.0 = Debug|x86
		{317BCC8D-C78A-443D-9C15-BD43DBDF5AC4}.Debug|iPhoneSimulator.ActiveCfg = Debug|x86
		{317BCC8D-C78A-443D-9C15-BD43DBDF5AC4}.Debug|iPhoneSimulator.Build.0 = Debug|x86
		{317BCC8D-C78A-443D-9C15-BD43DBDF5AC4}.Debug|iPhoneSimulator.Deploy.0 = Debug|x86
		{317BCC8D-C78A-443D-9C15-BD43DBDF5AC4}.Debug|x64.ActiveCfg = Debug|x64
		{317BCC8D-C78A-443D-9C15-BD43DBDF5AC4}.Debug|x64.Build.0 = Debug|x64
		{317BCC8D-C78A-443D-9C15-BD43DBDF5AC4}.Debug|x64.Deploy.0 = Debug|x64
		{317BCC8D-C78A-443D-9C15-BD43DBDF5AC4}.Debug|x86.ActiveCfg = Debug|x86
		{317BCC8D-C78A-443D-9C15-BD43DBDF5AC4}.Debug|x86.Build.0 = Debug|x86
		{317BCC8D-C78A-443D-9C15-BD43DBDF5AC4}.Debug|x86.Deploy.0 = Debug|x86
		{317BCC8D-C78A-443D-9C15-BD43DBDF5AC4}.Release|Any CPU.ActiveCfg = Release|x86
		{317BCC8D-C78A-443D-9C15-BD43DBDF5AC4}.Release|Any CPU.Build.0 = Release|x86
		{317BCC8D-C78A-443D-9C15-BD43DBDF5AC4}.Release|Any CPU.Deploy.0 = Release|x86
		{317BCC8D-C78A-443D-9C15-BD43DBDF5AC4}.Release|ARM.ActiveCfg = Release|ARM
		{317BCC8D-C78A-443D-9C15-BD43DBDF5AC4}.Release|ARM.Build.0 = Release|ARM
		{317BCC8D-C78A-443D-9C15-BD43DBDF5AC4}.Release|ARM.Deploy.0 = Release|ARM
		{317BCC8D-C78A-443D-9C15-BD43DBDF5AC4}.Release|iPhone.ActiveCfg = Release|x86
		{317BCC8D-C78A-443D-9C15-BD43DBDF5AC4}.Release|iPhone.Build.0 = Release|x86
		{317BCC8D-C78A-443D-9C15-BD43DBDF5AC4}.Release|iPhone.Deploy.0 = Release|x86
		{317BCC8D-C78A-443D-9C15-BD43DBDF5AC4}.Release|iPhoneSimulator.ActiveCfg = Release|x86
		{317BCC8D-C78A-443D-9C15-BD43DBDF5AC4}.Release|iPhoneSimulator.Build.0 = Release|x86
		{317BCC8D-C78A-443D-9C15-BD43DBDF5AC4}.Release|iPhoneSimulator.Deploy.0 = Release|x86
		{317BCC8D-C78A-443D-9C15-BD43DBDF5AC4}.Release|x64.ActiveCfg = Release|x64
		{317BCC8D-C78A-443D-9C15-BD43DBDF5AC4}.Release|x64.Build.0 = Release|x64
		{317BCC8D-C78A-443D-9C15-BD43DBDF5AC4}.Release|x64.Deploy.0 = Release|x64
		{317BCC8D-C78A-443D-9C15-BD43DBDF5AC4}.Release|x86.ActiveCfg = Release|x86
		{317BCC8D-C78A-443D-9C15-BD43DBDF5AC4}.Release|x86.Build.0 = Release|x86
		{317BCC8D-C78A-443D-9C15-BD43DBDF5AC4}.Release|x86.Deploy.0 = Release|x86
		{6D11F06B-D865-49F3-ACF1-B0E9DF3CF944}.Ad-Hoc|Any CPU.ActiveCfg = Debug|Any CPU
		{6D11F06B-D865-49F3-ACF1-B0E9DF3CF944}.Ad-Hoc|Any CPU.Build.0 = Debug|Any CPU
		{6D11F06B-D865-49F3-ACF1-B0E9DF3CF944}.Ad-Hoc|Any CPU.Deploy.0 = Debug|Any CPU
		{6D11F06B-D865-49F3-ACF1-B0E9DF3CF944}.Ad-Hoc|ARM.ActiveCfg = Debug|Any CPU
		{6D11F06B-D865-49F3-ACF1-B0E9DF3CF944}.Ad-Hoc|ARM.Build.0 = Debug|Any CPU
		{6D11F06B-D865-49F3-ACF1-B0E9DF3CF944}.Ad-Hoc|ARM.Deploy.0 = Debug|Any CPU
		{6D11F06B-D865-49F3-ACF1-B0E9DF3CF944}.Ad-Hoc|iPhone.ActiveCfg = Debug|Any CPU
		{6D11F06B-D865-49F3-ACF1-B0E9DF3CF944}.Ad-Hoc|iPhone.Build.0 = Debug|Any CPU
		{6D11F06B-D865-49F3-ACF1-B0E9DF3CF944}.Ad-Hoc|iPhone.Deploy.0 = Debug|Any CPU
		{6D11F06B-D865-49F3-ACF1-B0E9DF3CF944}.Ad-Hoc|iPhoneSimulator.ActiveCfg = Debug|Any CPU
		{6D11F06B-D865-49F3-ACF1-B0E9DF3CF944}.Ad-Hoc|iPhoneSimulator.Build.0 = Debug|Any CPU
		{6D11F06B-D865-49F3-ACF1-B0E9DF3CF944}.Ad-Hoc|iPhoneSimulator.Deploy.0 = Debug|Any CPU
		{6D11F06B-D865-49F3-ACF1-B0E9DF3CF944}.Ad-Hoc|x64.ActiveCfg = Debug|Any CPU
		{6D11F06B-D865-49F3-ACF1-B0E9DF3CF944}.Ad-Hoc|x64.Build.0 = Debug|Any CPU
		{6D11F06B-D865-49F3-ACF1-B0E9DF3CF944}.Ad-Hoc|x64.Deploy.0 = Debug|Any CPU
		{6D11F06B-D865-49F3-ACF1-B0E9DF3CF944}.Ad-Hoc|x86.ActiveCfg = Debug|Any CPU
		{6D11F06B-D865-49F3-ACF1-B0E9DF3CF944}.Ad-Hoc|x86.Build.0 = Debug|Any CPU
		{6D11F06B-D865-49F3-ACF1-B0E9DF3CF944}.Ad-Hoc|x86.Deploy.0 = Debug|Any CPU
		{6D11F06B-D865-49F3-ACF1-B0E9DF3CF944}.AppStore|Any CPU.ActiveCfg = Debug|Any CPU
		{6D11F06B-D865-49F3-ACF1-B0E9DF3CF944}.AppStore|Any CPU.Build.0 = Debug|Any CPU
		{6D11F06B-D865-49F3-ACF1-B0E9DF3CF944}.AppStore|Any CPU.Deploy.0 = Debug|Any CPU
		{6D11F06B-D865-49F3-ACF1-B0E9DF3CF944}.AppStore|ARM.ActiveCfg = Debug|Any CPU
		{6D11F06B-D865-49F3-ACF1-B0E9DF3CF944}.AppStore|ARM.Build.0 = Debug|Any CPU
		{6D11F06B-D865-49F3-ACF1-B0E9DF3CF944}.AppStore|ARM.Deploy.0 = Debug|Any CPU
		{6D11F06B-D865-49F3-ACF1-B0E9DF3CF944}.AppStore|iPhone.ActiveCfg = Debug|Any CPU
		{6D11F06B-D865-49F3-ACF1-B0E9DF3CF944}.AppStore|iPhone.Build.0 = Debug|Any CPU
		{6D11F06B-D865-49F3-ACF1-B0E9DF3CF944}.AppStore|iPhone.Deploy.0 = Debug|Any CPU
		{6D11F06B-D865-49F3-ACF1-B0E9DF3CF944}.AppStore|iPhoneSimulator.ActiveCfg = Debug|Any CPU
		{6D11F06B-D865-49F3-ACF1-B0E9DF3CF944}.AppStore|iPhoneSimulator.Build.0 = Debug|Any CPU
		{6D11F06B-D865-49F3-ACF1-B0E9DF3CF944}.AppStore|iPhoneSimulator.Deploy.0 = Debug|Any CPU
		{6D11F06B-D865-49F3-ACF1-B0E9DF3CF944}.AppStore|x64.ActiveCfg = Debug|Any CPU
		{6D11F06B-D865-49F3-ACF1-B0E9DF3CF944}.AppStore|x64.Build.0 = Debug|Any CPU
		{6D11F06B-D865-49F3-ACF1-B0E9DF3CF944}.AppStore|x64.Deploy.0 = Debug|Any CPU
		{6D11F06B-D865-49F3-ACF1-B0E9DF3CF944}.AppStore|x86.ActiveCfg = Debug|Any CPU
		{6D11F06B-D865-49F3-ACF1-B0E9DF3CF944}.AppStore|x86.Build.0 = Debug|Any CPU
		{6D11F06B-D865-49F3-ACF1-B0E9DF3CF944}.AppStore|x86.Deploy.0 = Debug|Any CPU
		{6D11F06B-D865-49F3-ACF1-B0E9DF3CF944}.Debug|Any CPU.ActiveCfg = Debug|Any CPU
		{6D11F06B-D865-49F3-ACF1-B0E9DF3CF944}.Debug|Any CPU.Build.0 = Debug|Any CPU
		{6D11F06B-D865-49F3-ACF1-B0E9DF3CF944}.Debug|Any CPU.Deploy.0 = Debug|Any CPU
		{6D11F06B-D865-49F3-ACF1-B0E9DF3CF944}.Debug|ARM.ActiveCfg = Debug|Any CPU
		{6D11F06B-D865-49F3-ACF1-B0E9DF3CF944}.Debug|ARM.Build.0 = Debug|Any CPU
		{6D11F06B-D865-49F3-ACF1-B0E9DF3CF944}.Debug|ARM.Deploy.0 = Debug|Any CPU
		{6D11F06B-D865-49F3-ACF1-B0E9DF3CF944}.Debug|iPhone.ActiveCfg = Debug|Any CPU
		{6D11F06B-D865-49F3-ACF1-B0E9DF3CF944}.Debug|iPhone.Build.0 = Debug|Any CPU
		{6D11F06B-D865-49F3-ACF1-B0E9DF3CF944}.Debug|iPhone.Deploy.0 = Debug|Any CPU
		{6D11F06B-D865-49F3-ACF1-B0E9DF3CF944}.Debug|iPhoneSimulator.ActiveCfg = Debug|Any CPU
		{6D11F06B-D865-49F3-ACF1-B0E9DF3CF944}.Debug|iPhoneSimulator.Build.0 = Debug|Any CPU
		{6D11F06B-D865-49F3-ACF1-B0E9DF3CF944}.Debug|iPhoneSimulator.Deploy.0 = Debug|Any CPU
		{6D11F06B-D865-49F3-ACF1-B0E9DF3CF944}.Debug|x64.ActiveCfg = Debug|Any CPU
		{6D11F06B-D865-49F3-ACF1-B0E9DF3CF944}.Debug|x64.Build.0 = Debug|Any CPU
		{6D11F06B-D865-49F3-ACF1-B0E9DF3CF944}.Debug|x64.Deploy.0 = Debug|Any CPU
		{6D11F06B-D865-49F3-ACF1-B0E9DF3CF944}.Debug|x86.ActiveCfg = Debug|Any CPU
		{6D11F06B-D865-49F3-ACF1-B0E9DF3CF944}.Debug|x86.Build.0 = Debug|Any CPU
		{6D11F06B-D865-49F3-ACF1-B0E9DF3CF944}.Debug|x86.Deploy.0 = Debug|Any CPU
		{6D11F06B-D865-49F3-ACF1-B0E9DF3CF944}.Release|Any CPU.ActiveCfg = Release|Any CPU
		{6D11F06B-D865-49F3-ACF1-B0E9DF3CF944}.Release|Any CPU.Build.0 = Release|Any CPU
		{6D11F06B-D865-49F3-ACF1-B0E9DF3CF944}.Release|Any CPU.Deploy.0 = Release|Any CPU
		{6D11F06B-D865-49F3-ACF1-B0E9DF3CF944}.Release|ARM.ActiveCfg = Release|Any CPU
		{6D11F06B-D865-49F3-ACF1-B0E9DF3CF944}.Release|ARM.Build.0 = Release|Any CPU
		{6D11F06B-D865-49F3-ACF1-B0E9DF3CF944}.Release|ARM.Deploy.0 = Release|Any CPU
		{6D11F06B-D865-49F3-ACF1-B0E9DF3CF944}.Release|iPhone.ActiveCfg = Release|Any CPU
		{6D11F06B-D865-49F3-ACF1-B0E9DF3CF944}.Release|iPhone.Build.0 = Release|Any CPU
		{6D11F06B-D865-49F3-ACF1-B0E9DF3CF944}.Release|iPhone.Deploy.0 = Release|Any CPU
		{6D11F06B-D865-49F3-ACF1-B0E9DF3CF944}.Release|iPhoneSimulator.ActiveCfg = Release|Any CPU
		{6D11F06B-D865-49F3-ACF1-B0E9DF3CF944}.Release|iPhoneSimulator.Build.0 = Release|Any CPU
		{6D11F06B-D865-49F3-ACF1-B0E9DF3CF944}.Release|iPhoneSimulator.Deploy.0 = Release|Any CPU
		{6D11F06B-D865-49F3-ACF1-B0E9DF3CF944}.Release|x64.ActiveCfg = Release|Any CPU
		{6D11F06B-D865-49F3-ACF1-B0E9DF3CF944}.Release|x64.Build.0 = Release|Any CPU
		{6D11F06B-D865-49F3-ACF1-B0E9DF3CF944}.Release|x64.Deploy.0 = Release|Any CPU
		{6D11F06B-D865-49F3-ACF1-B0E9DF3CF944}.Release|x86.ActiveCfg = Release|Any CPU
		{6D11F06B-D865-49F3-ACF1-B0E9DF3CF944}.Release|x86.Build.0 = Release|Any CPU
		{6D11F06B-D865-49F3-ACF1-B0E9DF3CF944}.Release|x86.Deploy.0 = Release|Any CPU
	EndGlobalSection
	GlobalSection(SolutionProperties) = preSolution
		HideSolutionNode = FALSE
	EndGlobalSection
	GlobalSection(ExtensibilityGlobals) = postSolution
		SolutionGuid = {C5D72925-795A-4720-AF08-4C9AF265BF88}
	EndGlobalSection
EndGlobal
